
Microsoft Visual Studio Solution File, Format Version 12.00
# Visual Studio Version 16
VisualStudioVersion = 16.0.31613.86
MinimumVisualStudioVersion = 10.0.40219.1
Project("{FAE04EC0-301F-11D3-BF4B-00C04F79EFBC}") = "ApplicationAzureCacheRedis.Web", "ApplicationAzureCacheRedis.Web\ApplicationAzureCacheRedis.Web.csproj", "{C24D5D1D-B9DA-4573-8A3E-57E842E6D83A}"
EndProject
Project("{FAE04EC0-301F-11D3-BF4B-00C04F79EFBC}") = "ApplicationAzureCacheRedis.Services", "ApplicationAzureCacheRedis.Services\ApplicationAzureCacheRedis.Services.csproj", "{DE4FDF95-A817-4E35-A9D6-8A3A0696E2E5}"
EndProject
Project("{FAE04EC0-301F-11D3-BF4B-00C04F79EFBC}") = "ApplicationAzureCacheRedis.Models", "ApplicationAzureCacheRedis.Models\ApplicationAzureCacheRedis.Models.csproj", "{7A60F09C-A873-4047-AF8A-4426CB12F852}"
EndProject
Global
	GlobalSection(SolutionConfigurationPlatforms) = preSolution
		Debug|Any CPU = Debug|Any CPU
		Release|Any CPU = Release|Any CPU
	EndGlobalSection
	GlobalSection(ProjectConfigurationPlatforms) = postSolution
		{C24D5D1D-B9DA-4573-8A3E-57E842E6D83A}.Debug|Any CPU.ActiveCfg = Debug|Any CPU
		{C24D5D1D-B9DA-4573-8A3E-57E842E6D83A}.Debug|Any CPU.Build.0 = Debug|Any CPU
		{C24D5D1D-B9DA-4573-8A3E-57E842E6D83A}.Release|Any CPU.ActiveCfg = Release|Any CPU
		{C24D5D1D-B9DA-4573-8A3E-57E842E6D83A}.Release|Any CPU.Build.0 = Release|Any CPU
		{DE4FDF95-A817-4E35-A9D6-8A3A0696E2E5}.Debug|Any CPU.ActiveCfg = Debug|Any CPU
		{DE4FDF95-A817-4E35-A9D6-8A3A0696E2E5}.Debug|Any CPU.Build.0 = Debug|Any CPU
		{DE4FDF95-A817-4E35-A9D6-8A3A0696E2E5}.Release|Any CPU.ActiveCfg = Release|Any CPU
		{DE4FDF95-A817-4E35-A9D6-8A3A0696E2E5}.Release|Any CPU.Build.0 = Release|Any CPU
		{7A60F09C-A873-4047-AF8A-4426CB12F852}.Debug|Any CPU.ActiveCfg = Debug|Any CPU
		{7A60F09C-A873-4047-AF8A-4426CB12F852}.Debug|Any CPU.Build.0 = Debug|Any CPU
		{7A60F09C-A873-4047-AF8A-4426CB12F852}.Release|Any CPU.ActiveCfg = Release|Any CPU
		{7A60F09C-A873-4047-AF8A-4426CB12F852}.Release|Any CPU.Build.0 = Release|Any CPU
	EndGlobalSection
	GlobalSection(SolutionProperties) = preSolution
		HideSolutionNode = FALSE
	EndGlobalSection
	GlobalSection(ExtensibilityGlobals) = postSolution
		SolutionGuid = {0C396A6A-71C6-4C3D-97AD-67188B9147DC}
	EndGlobalSection
EndGlobal
